
Microsoft Visual Studio Solution File, Format Version 12.00
# Visual Studio 15
VisualStudioVersion = 15.0.28010.2016
MinimumVisualStudioVersion = 10.0.40219.1
Project("{FAE04EC0-301F-11D3-BF4B-00C04F79EFBC}") = "QuadrangleApp", "QuadrangleApp\QuadrangleApp.csproj", "{7D1F5063-04FD-4DAF-A210-EABEDFDEFE76}"
EndProject
Global
	GlobalSection(SolutionConfigurationPlatforms) = preSolution
		Debug|Any CPU = Debug|Any CPU
		Release|Any CPU = Release|Any CPU
	EndGlobalSection
	GlobalSection(ProjectConfigurationPlatforms) = postSolution
		{7D1F5063-04FD-4DAF-A210-EABEDFDEFE76}.Debug|Any CPU.ActiveCfg = Debug|Any CPU
		{7D1F5063-04FD-4DAF-A210-EABEDFDEFE76}.Debug|Any CPU.Build.0 = Debug|Any CPU
		{7D1F5063-04FD-4DAF-A210-EABEDFDEFE76}.Release|Any CPU.ActiveCfg = Release|Any CPU
		{7D1F5063-04FD-4DAF-A210-EABEDFDEFE76}.Release|Any CPU.Build.0 = Release|Any CPU
	EndGlobalSection
	GlobalSection(SolutionProperties) = preSolution
		HideSolutionNode = FALSE
	EndGlobalSection
	GlobalSection(ExtensibilityGlobals) = postSolution
		SolutionGuid = {BA50148F-5328-4825-8346-EE33A107980B}
	EndGlobalSection
EndGlobal
